
Microsoft Visual Studio Solution File, Format Version 12.00
# Visual Studio Version 16
VisualStudioVersion = 16.0.30114.105
MinimumVisualStudioVersion = 10.0.40219.1
Project("{FAE04EC0-301F-11D3-BF4B-00C04F79EFBC}") = "Pokedex", "Pokedex\Pokedex.csproj", "{14D1B6A9-226E-40AB-B09C-4FE46374EA55}"
EndProject
Global
	GlobalSection(SolutionConfigurationPlatforms) = preSolution
		Debug|Any CPU = Debug|Any CPU
		Release|Any CPU = Release|Any CPU
	EndGlobalSection
	GlobalSection(SolutionProperties) = preSolution
		HideSolutionNode = FALSE
	EndGlobalSection
	GlobalSection(ProjectConfigurationPlatforms) = postSolution
		{14D1B6A9-226E-40AB-B09C-4FE46374EA55}.Debug|Any CPU.ActiveCfg = Debug|Any CPU
		{14D1B6A9-226E-40AB-B09C-4FE46374EA55}.Debug|Any CPU.Build.0 = Debug|Any CPU
		{14D1B6A9-226E-40AB-B09C-4FE46374EA55}.Release|Any CPU.ActiveCfg = Release|Any CPU
		{14D1B6A9-226E-40AB-B09C-4FE46374EA55}.Release|Any CPU.Build.0 = Release|Any CPU
	EndGlobalSection
EndGlobal
